
Microsoft Visual Studio Solution File, Format Version 12.00
# Visual Studio Version 16
VisualStudioVersion = 16.0.30320.27
MinimumVisualStudioVersion = 10.0.40219.1
Project("{FAE04EC0-301F-11D3-BF4B-00C04F79EFBC}") = "FeedMe", "FeedMe\FeedMe.csproj", "{168A687A-E070-412F-AF19-58138B0D4255}"
EndProject
Project("{FAE04EC0-301F-11D3-BF4B-00C04F79EFBC}") = "TestProject", "TestProject\TestProject.csproj", "{24D79D3E-3492-455E-9605-F126B7D48BB3}"
EndProject
Project("{FAE04EC0-301F-11D3-BF4B-00C04F79EFBC}") = "SendOrders", "SendOrders\SendOrders.csproj", "{5BB83CD9-C870-4746-9E11-5FE104D2CC8B}"
EndProject
Project("{FAE04EC0-301F-11D3-BF4B-00C04F79EFBC}") = "SendMonthOverview", "SendMonthOverview\SendMonthOverview.csproj", "{32FFF382-789A-46BE-814B-B9CB6F9956E3}"
EndProject
Project("{FAE04EC0-301F-11D3-BF4B-00C04F79EFBC}") = "VisualiseDB", "VisualiseDB\VisualiseDB.csproj", "{860172D5-B65F-4DA5-B16A-A59E38F9CD4E}"
EndProject
Global
	GlobalSection(SolutionConfigurationPlatforms) = preSolution
		Debug|Any CPU = Debug|Any CPU
		Release|Any CPU = Release|Any CPU
	EndGlobalSection
	GlobalSection(ProjectConfigurationPlatforms) = postSolution
		{168A687A-E070-412F-AF19-58138B0D4255}.Debug|Any CPU.ActiveCfg = Debug|Any CPU
		{168A687A-E070-412F-AF19-58138B0D4255}.Debug|Any CPU.Build.0 = Debug|Any CPU
		{168A687A-E070-412F-AF19-58138B0D4255}.Release|Any CPU.ActiveCfg = Release|Any CPU
		{168A687A-E070-412F-AF19-58138B0D4255}.Release|Any CPU.Build.0 = Release|Any CPU
		{24D79D3E-3492-455E-9605-F126B7D48BB3}.Debug|Any CPU.ActiveCfg = Debug|Any CPU
		{24D79D3E-3492-455E-9605-F126B7D48BB3}.Debug|Any CPU.Build.0 = Debug|Any CPU
		{24D79D3E-3492-455E-9605-F126B7D48BB3}.Release|Any CPU.ActiveCfg = Release|Any CPU
		{24D79D3E-3492-455E-9605-F126B7D48BB3}.Release|Any CPU.Build.0 = Release|Any CPU
		{5BB83CD9-C870-4746-9E11-5FE104D2CC8B}.Debug|Any CPU.ActiveCfg = Debug|Any CPU
		{5BB83CD9-C870-4746-9E11-5FE104D2CC8B}.Debug|Any CPU.Build.0 = Debug|Any CPU
		{5BB83CD9-C870-4746-9E11-5FE104D2CC8B}.Release|Any CPU.ActiveCfg = Release|Any CPU
		{5BB83CD9-C870-4746-9E11-5FE104D2CC8B}.Release|Any CPU.Build.0 = Release|Any CPU
		{32FFF382-789A-46BE-814B-B9CB6F9956E3}.Debug|Any CPU.ActiveCfg = Debug|Any CPU
		{32FFF382-789A-46BE-814B-B9CB6F9956E3}.Debug|Any CPU.Build.0 = Debug|Any CPU
		{32FFF382-789A-46BE-814B-B9CB6F9956E3}.Release|Any CPU.ActiveCfg = Release|Any CPU
		{32FFF382-789A-46BE-814B-B9CB6F9956E3}.Release|Any CPU.Build.0 = Release|Any CPU
		{860172D5-B65F-4DA5-B16A-A59E38F9CD4E}.Debug|Any CPU.ActiveCfg = Debug|Any CPU
		{860172D5-B65F-4DA5-B16A-A59E38F9CD4E}.Debug|Any CPU.Build.0 = Debug|Any CPU
		{860172D5-B65F-4DA5-B16A-A59E38F9CD4E}.Release|Any CPU.ActiveCfg = Release|Any CPU
		{860172D5-B65F-4DA5-B16A-A59E38F9CD4E}.Release|Any CPU.Build.0 = Release|Any CPU
	EndGlobalSection
	GlobalSection(SolutionProperties) = preSolution
		HideSolutionNode = FALSE
	EndGlobalSection
	GlobalSection(ExtensibilityGlobals) = postSolution
		SolutionGuid = {E745167D-E476-4854-98EB-E438C22EBA2E}
	EndGlobalSection
EndGlobal
